<?xml version="1.0" encoding="utf-8"?>
<Project ToolsVersion="4.0" xmlns="http://schemas.microsoft.com/developer/msbuild/2003">
  <ItemGroup>
    <Filter Include="Source Files">
      <UniqueIdentifier>{4FC737F1-C7A5-4376-A066-2A32D752A2FF}</UniqueIdentifier>
      <Extensions>cpp;c;cc;cxx;def;odl;idl;hpj;bat;asm;asmx</Extensions>
    </Filter>
    <Filter Include="Header Files">
      <UniqueIdentifier>{93995380-89BD-4b04-88EB-625FBE52EBFB}</UniqueIdentifier>
      <Extensions>h;hh;hpp;hxx;hm;inl;inc;xsd</Extensions>
    </Filter>
    <Filter Include="Resource Files">
      <UniqueIdentifier>{67DA6AB6-F800-4c08-8B7A-83BB121AAD01}</UniqueIdentifier>
      <Extensions>rc;ico;cur;bmp;dlg;rc2;rct;bin;rgs;gif;jpg;jpeg;jpe;resx;tiff;tif;png;wav</Extensions>
    </Filter>
    <Filter Include="Header Files\b64">
      <UniqueIdentifier>{f3a8455e-0c74-4e1f-a65f-ceb84ab4ba65}</UniqueIdentifier>
    </Filter>
    <Filter Include="Header Files\aes">
      <UniqueIdentifier>{1214c696-70d2-4ff7-9e0b-44e47420c6d0}</UniqueIdentifier>
    </Filter>
  </ItemGroup>
  <ItemGroup>
    <ClCompile Include="..\keyflate.c">
      <Filter>Source Files</Filter>
    </ClCompile>
    <ClCompile Include="..\pkg_dec.c">
      <Filter>Source Files</Filter>
    </ClCompile>
    <ClCompile Include="..\aes\aes.c">
      <Filter>Source Files</Filter>
    </ClCompile>
    <ClCompile Include="..\libb64\cdecode.c">
      <Filter>Source Files</Filter>
    </ClCompile>
    <ClCompile Include="..\libb64\cencode.c">
      <Filter>Source Files</Filter>
    </ClCompile>
    <ClCompile Include="..\pkg.c">
      <Filter>Source Files</Filter>
    </ClCompile>
    <ClCompile Include="..\sfo.c">
      <Filter>Source Files</Filter>
    </ClCompile>
    <ClCompile Include="..\platform.c">
      <Filter>Source Files</Filter>
    </ClCompile>
    <ClCompile Include="..\pkgdb.c">
      <Filter>Source Files</Filter>
    </ClCompile>
  </ItemGroup>
  <ItemGroup>
    <ClInclude Include="..\platform.h">
      <Filter>Header Files</Filter>
    </ClInclude>
    <ClInclude Include="..\rif.h">
      <Filter>Header Files</Filter>
    </ClInclude>
    <ClInclude Include="..\keyflate.h">
      <Filter>Header Files</Filter>
    </ClInclude>
    <ClInclude Include="..\libb64\b64\cdecode.h">
      <Filter>Header Files\b64</Filter>
    </ClInclude>
    <ClInclude Include="..\libb64\b64\cencode.h">
      <Filter>Header Files\b64</Filter>
    </ClInclude>
    <ClInclude Include="..\aes\aes.h">
      <Filter>Header Files\aes</Filter>
    </ClInclude>
    <ClInclude Include="resource1.h">
      <Filter>Header Files</Filter>
    </ClInclude>
    <ClInclude Include="..\pkg.h">
      <Filter>Header Files</Filter>
    </ClInclude>
    <ClInclude Include="..\sfo.h">
      <Filter>Header Files</Filter>
    </ClInclude>
    <ClInclude Include="..\pkgdb.h">
      <Filter>Header Files</Filter>
    </ClInclude>
  </ItemGroup>
  <ItemGroup>
    <ResourceCompile Include="pkg_dec.rc">
      <Filter>Resource Files</Filter>
    </ResourceCompile>
  </ItemGroup>
  <ItemGroup>
    <Image Include="icon1.ico">
      <Filter>Resource Files</Filter>
    </Image>
  </ItemGroup>
</Project>